
Microsoft Visual Studio Solution File, Format Version 12.00
# Visual Studio Version 17
VisualStudioVersion = 17.13.35931.197 d17.13
MinimumVisualStudioVersion = 10.0.40219.1
Project("{FAE04EC0-301F-11D3-BF4B-00C04F79EFBC}") = "AICodeParser", "AICodeParser.csproj", "{772CA7D8-4E41-4F77-8207-5A021BE981DB}"
EndProject
Global
	GlobalSection(SolutionConfigurationPlatforms) = preSolution
		Debug|Any CPU = Debug|Any CPU
		Release|Any CPU = Release|Any CPU
	EndGlobalSection
	GlobalSection(ProjectConfigurationPlatforms) = postSolution
		{772CA7D8-4E41-4F77-8207-5A021BE981DB}.Debug|Any CPU.ActiveCfg = Debug|Any CPU
		{772CA7D8-4E41-4F77-8207-5A021BE981DB}.Debug|Any CPU.Build.0 = Debug|Any CPU
		{772CA7D8-4E41-4F77-8207-5A021BE981DB}.Release|Any CPU.ActiveCfg = Release|Any CPU
		{772CA7D8-4E41-4F77-8207-5A021BE981DB}.Release|Any CPU.Build.0 = Release|Any CPU
	EndGlobalSection
	GlobalSection(SolutionProperties) = preSolution
		HideSolutionNode = FALSE
	EndGlobalSection
	GlobalSection(ExtensibilityGlobals) = postSolution
		SolutionGuid = {DA18DB22-8C16-4B6C-B2A2-F01E8C98FFF6}
	EndGlobalSection
EndGlobal
